// !$*UTF8*$!
{
	archiveVersion = 1;
	classes = {
	};
	objectVersion = 48;
	objects = {

/* Begin PBXBuildFile section */
		669698ED1FB1964B0054AFC2 /* AppDelegate.swift in Sources */ = {isa = PBXBuildFile; fileRef = 669698EC1FB1964B0054AFC2 /* AppDelegate.swift */; };
		669698EF1FB1964B0054AFC2 /* ViewController.swift in Sources */ = {isa = PBXBuildFile; fileRef = 669698EE1FB1964B0054AFC2 /* ViewController.swift */; };
		669698F21FB1964C0054AFC2 /* Main.storyboard in Resources */ = {isa = PBXBuildFile; fileRef = 669698F01FB1964C0054AFC2 /* Main.storyboard */; };
		669698F71FB1964C0054AFC2 /* Assets.xcassets in Resources */ = {isa = PBXBuildFile; fileRef = 669698F61FB1964C0054AFC2 /* Assets.xcassets */; };
		669698FA1FB1964C0054AFC2 /* LaunchScreen.storyboard in Resources */ = {isa = PBXBuildFile; fileRef = 669698F81FB1964C0054AFC2 /* LaunchScreen.storyboard */; };
		66B38405203EACDC00407F04 /* TabularCollectionCell.xib in Resources */ = {isa = PBXBuildFile; fileRef = 66B38400203EACDC00407F04 /* TabularCollectionCell.xib */; };
		66B38406203EACDC00407F04 /* TabularLayout.swift in Sources */ = {isa = PBXBuildFile; fileRef = 66B38401203EACDC00407F04 /* TabularLayout.swift */; };
		66B38407203EACDC00407F04 /* TabularCollectionView.swift in Sources */ = {isa = PBXBuildFile; fileRef = 66B38402203EACDC00407F04 /* TabularCollectionView.swift */; };
		66B38409203EACDC00407F04 /* TabularCollectionCell.swift in Sources */ = {isa = PBXBuildFile; fileRef = 66B38404203EACDC00407F04 /* TabularCollectionCell.swift */; };
		66B3840F203EC4D100407F04 /* Color.swift in Sources */ = {isa = PBXBuildFile; fileRef = 66B3840C203EC4D100407F04 /* Color.swift */; };
		66B38410203EC4D100407F04 /* String+Utility.swift in Sources */ = {isa = PBXBuildFile; fileRef = 66B3840D203EC4D100407F04 /* String+Utility.swift */; };
		66B38411203EC4D100407F04 /* Font.swift in Sources */ = {isa = PBXBuildFile; fileRef = 66B3840E203EC4D100407F04 /* Font.swift */; };
		66CFD4DA1FC4254600F88AA5 /* AssesmentTableTests.swift in Sources */ = {isa = PBXBuildFile; fileRef = 66CFD4D91FC4254600F88AA5 /* AssesmentTableTests.swift */; };
/* End PBXBuildFile section */

/* Begin PBXContainerItemProxy section */
		66CFD4DC1FC4254600F88AA5 /* PBXContainerItemProxy */ = {
			isa = PBXContainerItemProxy;
			containerPortal = 669698E11FB1964B0054AFC2 /* Project object */;
			proxyType = 1;
			remoteGlobalIDString = 669698E81FB1964B0054AFC2;
			remoteInfo = AssesmentTable;
		};
/* End PBXContainerItemProxy section */

/* Begin PBXFileReference section */
		669698E91FB1964B0054AFC2 /* AssesmentTable.app */ = {isa = PBXFileReference; explicitFileType = wrapper.application; includeInIndex = 0; path = AssesmentTable.app; sourceTree = BUILT_PRODUCTS_DIR; };
		669698EC1FB1964B0054AFC2 /* AppDelegate.swift */ = {isa = PBXFileReference; lastKnownFileType = sourcecode.swift; path = AppDelegate.swift; sourceTree = "<group>"; };
		669698EE1FB1964B0054AFC2 /* ViewController.swift */ = {isa = PBXFileReference; lastKnownFileType = sourcecode.swift; path = ViewController.swift; sourceTree = "<group>"; };
		669698F11FB1964C0054AFC2 /* Base */ = {isa = PBXFileReference; lastKnownFileType = file.storyboard; name = Base; path = Base.lproj/Main.storyboard; sourceTree = "<group>"; };
		669698F61FB1964C0054AFC2 /* Assets.xcassets */ = {isa = PBXFileReference; lastKnownFileType = folder.assetcatalog; path = Assets.xcassets; sourceTree = "<group>"; };
		669698F91FB1964C0054AFC2 /* Base */ = {isa = PBXFileReference; lastKnownFileType = file.storyboard; name = Base; path = Base.lproj/LaunchScreen.storyboard; sourceTree = "<group>"; };
		669698FB1FB1964C0054AFC2 /* Info.plist */ = {isa = PBXFileReference; lastKnownFileType = text.plist.xml; path = Info.plist; sourceTree = "<group>"; };
		66B38400203EACDC00407F04 /* TabularCollectionCell.xib */ = {isa = PBXFileReference; fileEncoding = 4; lastKnownFileType = file.xib; path = TabularCollectionCell.xib; sourceTree = "<group>"; };
		66B38401203EACDC00407F04 /* TabularLayout.swift */ = {isa = PBXFileReference; fileEncoding = 4; lastKnownFileType = sourcecode.swift; path = TabularLayout.swift; sourceTree = "<group>"; };
		66B38402203EACDC00407F04 /* TabularCollectionView.swift */ = {isa = PBXFileReference; fileEncoding = 4; lastKnownFileType = sourcecode.swift; path = TabularCollectionView.swift; sourceTree = "<group>"; };
		66B38404203EACDC00407F04 /* TabularCollectionCell.swift */ = {isa = PBXFileReference; fileEncoding = 4; lastKnownFileType = sourcecode.swift; path = TabularCollectionCell.swift; sourceTree = "<group>"; };
		66B3840C203EC4D100407F04 /* Color.swift */ = {isa = PBXFileReference; fileEncoding = 4; lastKnownFileType = sourcecode.swift; path = Color.swift; sourceTree = "<group>"; };
		66B3840D203EC4D100407F04 /* String+Utility.swift */ = {isa = PBXFileReference; fileEncoding = 4; lastKnownFileType = sourcecode.swift; path = "String+Utility.swift"; sourceTree = "<group>"; };
		66B3840E203EC4D100407F04 /* Font.swift */ = {isa = PBXFileReference; fileEncoding = 4; lastKnownFileType = sourcecode.swift; path = Font.swift; sourceTree = "<group>"; };
		66CFD4D71FC4254600F88AA5 /* AssesmentTableTests.xctest */ = {isa = PBXFileReference; explicitFileType = wrapper.cfbundle; includeInIndex = 0; path = AssesmentTableTests.xctest; sourceTree = BUILT_PRODUCTS_DIR; };
		66CFD4D91FC4254600F88AA5 /* AssesmentTableTests.swift */ = {isa = PBXFileReference; lastKnownFileType = sourcecode.swift; path = AssesmentTableTests.swift; sourceTree = "<group>"; };
		66CFD4DB1FC4254600F88AA5 /* Info.plist */ = {isa = PBXFileReference; lastKnownFileType = text.plist.xml; path = Info.plist; sourceTree = "<group>"; };
/* End PBXFileReference section */

/* Begin PBXFrameworksBuildPhase section */
		669698E61FB1964B0054AFC2 /* Frameworks */ = {
			isa = PBXFrameworksBuildPhase;
			buildActionMask = 2147483647;
			files = (
			);
			runOnlyForDeploymentPostprocessing = 0;
		};
		66CFD4D41FC4254600F88AA5 /* Frameworks */ = {
			isa = PBXFrameworksBuildPhase;
			buildActionMask = 2147483647;
			files = (
			);
			runOnlyForDeploymentPostprocessing = 0;
		};
/* End PBXFrameworksBuildPhase section */

/* Begin PBXGroup section */
		669698E01FB1964B0054AFC2 = {
			isa = PBXGroup;
			children = (
				669698EB1FB1964B0054AFC2 /* AssesmentTable */,
				66CFD4D81FC4254600F88AA5 /* AssesmentTableTests */,
				669698EA1FB1964B0054AFC2 /* Products */,
			);
			sourceTree = "<group>";
		};
		669698EA1FB1964B0054AFC2 /* Products */ = {
			isa = PBXGroup;
			children = (
				669698E91FB1964B0054AFC2 /* AssesmentTable.app */,
				66CFD4D71FC4254600F88AA5 /* AssesmentTableTests.xctest */,
			);
			name = Products;
			sourceTree = "<group>";
		};
		669698EB1FB1964B0054AFC2 /* AssesmentTable */ = {
			isa = PBXGroup;
			children = (
				66CFD4C41FC2AE0000F88AA5 /* AssesmentCollection */,
				669698EC1FB1964B0054AFC2 /* AppDelegate.swift */,
				669698EE1FB1964B0054AFC2 /* ViewController.swift */,
				669698F01FB1964C0054AFC2 /* Main.storyboard */,
				669698F61FB1964C0054AFC2 /* Assets.xcassets */,
				669698F81FB1964C0054AFC2 /* LaunchScreen.storyboard */,
				669698FB1FB1964C0054AFC2 /* Info.plist */,
			);
			path = AssesmentTable;
			sourceTree = "<group>";
		};
		66B383FF203EACDC00407F04 /* TabularModule */ = {
			isa = PBXGroup;
			children = (
				66B3840C203EC4D100407F04 /* Color.swift */,
				66B3840E203EC4D100407F04 /* Font.swift */,
				66B3840D203EC4D100407F04 /* String+Utility.swift */,
				66B38402203EACDC00407F04 /* TabularCollectionView.swift */,
				66B38404203EACDC00407F04 /* TabularCollectionCell.swift */,
				66B38400203EACDC00407F04 /* TabularCollectionCell.xib */,
				66B38401203EACDC00407F04 /* TabularLayout.swift */,
			);
			path = TabularModule;
			sourceTree = "<group>";
		};
		66CFD4C41FC2AE0000F88AA5 /* AssesmentCollection */ = {
			isa = PBXGroup;
			children = (
				66B383FF203EACDC00407F04 /* TabularModule */,
			);
			path = AssesmentCollection;
			sourceTree = "<group>";
		};
		66CFD4D81FC4254600F88AA5 /* AssesmentTableTests */ = {
			isa = PBXGroup;
			children = (
				66CFD4D91FC4254600F88AA5 /* AssesmentTableTests.swift */,
				66CFD4DB1FC4254600F88AA5 /* Info.plist */,
			);
			path = AssesmentTableTests;
			sourceTree = "<group>";
		};
/* End PBXGroup section */

/* Begin PBXNativeTarget section */
		669698E81FB1964B0054AFC2 /* AssesmentTable */ = {
			isa = PBXNativeTarget;
			buildConfigurationList = 669698FE1FB1964C0054AFC2 /* Build configuration list for PBXNativeTarget "AssesmentTable" */;
			buildPhases = (
				669698E51FB1964B0054AFC2 /* Sources */,
				669698E61FB1964B0054AFC2 /* Frameworks */,
				669698E71FB1964B0054AFC2 /* Resources */,
			);
			buildRules = (
			);
			dependencies = (
			);
			name = AssesmentTable;
			productName = AssesmentTable;
			productReference = 669698E91FB1964B0054AFC2 /* AssesmentTable.app */;
			productType = "com.apple.product-type.application";
		};
		66CFD4D61FC4254600F88AA5 /* AssesmentTableTests */ = {
			isa = PBXNativeTarget;
			buildConfigurationList = 66CFD4E01FC4254600F88AA5 /* Build configuration list for PBXNativeTarget "AssesmentTableTests" */;
			buildPhases = (
				66CFD4D31FC4254600F88AA5 /* Sources */,
				66CFD4D41FC4254600F88AA5 /* Frameworks */,
				66CFD4D51FC4254600F88AA5 /* Resources */,
			);
			buildRules = (
			);
			dependencies = (
				66CFD4DD1FC4254600F88AA5 /* PBXTargetDependency */,
			);
			name = AssesmentTableTests;
			productName = AssesmentTableTests;
			productReference = 66CFD4D71FC4254600F88AA5 /* AssesmentTableTests.xctest */;
			productType = "com.apple.product-type.bundle.unit-test";
		};
/* End PBXNativeTarget section */

/* Begin PBXProject section */
		669698E11FB1964B0054AFC2 /* Project object */ = {
			isa = PBXProject;
			attributes = {
				LastSwiftUpdateCheck = 0900;
				LastUpgradeCheck = 0900;
				ORGANIZATIONNAME = "Manikandan r";
				TargetAttributes = {
					669698E81FB1964B0054AFC2 = {
						CreatedOnToolsVersion = 9.0;
						ProvisioningStyle = Automatic;
					};
					66CFD4D61FC4254600F88AA5 = {
						CreatedOnToolsVersion = 9.0;
						ProvisioningStyle = Automatic;
						TestTargetID = 669698E81FB1964B0054AFC2;
					};
				};
			};
			buildConfigurationList = 669698E41FB1964B0054AFC2 /* Build configuration list for PBXProject "AssesmentTable" */;
			compatibilityVersion = "Xcode 8.0";
			developmentRegion = en;
			hasScannedForEncodings = 0;
			knownRegions = (
				en,
				Base,
			);
			mainGroup = 669698E01FB1964B0054AFC2;
			productRefGroup = 669698EA1FB1964B0054AFC2 /* Products */;
			projectDirPath = "";
			projectRoot = "";
			targets = (
				669698E81FB1964B0054AFC2 /* AssesmentTable */,
				66CFD4D61FC4254600F88AA5 /* AssesmentTableTests */,
			);
		};
/* End PBXProject section */

/* Begin PBXResourcesBuildPhase section */
		669698E71FB1964B0054AFC2 /* Resources */ = {
			isa = PBXResourcesBuildPhase;
			buildActionMask = 2147483647;
			files = (
				669698FA1FB1964C0054AFC2 /* LaunchScreen.storyboard in Resources */,
				669698F71FB1964C0054AFC2 /* Assets.xcassets in Resources */,
				66B38405203EACDC00407F04 /* TabularCollectionCell.xib in Resources */,
				669698F21FB1964C0054AFC2 /* Main.storyboard in Resources */,
			);
			runOnlyForDeploymentPostprocessing = 0;
		};
		66CFD4D51FC4254600F88AA5 /* Resources */ = {
			isa = PBXResourcesBuildPhase;
			buildActionMask = 2147483647;
			files = (
			);
			runOnlyForDeploymentPostprocessing = 0;
		};
/* End PBXResourcesBuildPhase section */

/* Begin PBXSourcesBuildPhase section */
		669698E51FB1964B0054AFC2 /* Sources */ = {
			isa = PBXSourcesBuildPhase;
			buildActionMask = 2147483647;
			files = (
				66B38409203EACDC00407F04 /* TabularCollectionCell.swift in Sources */,
				669698EF1FB1964B0054AFC2 /* ViewController.swift in Sources */,
				669698ED1FB1964B0054AFC2 /* AppDelegate.swift in Sources */,
				66B38407203EACDC00407F04 /* TabularCollectionView.swift in Sources */,
				66B38411203EC4D100407F04 /* Font.swift in Sources */,
				66B38410203EC4D100407F04 /* String+Utility.swift in Sources */,
				66B38406203EACDC00407F04 /* TabularLayout.swift in Sources */,
				66B3840F203EC4D100407F04 /* Color.swift in Sources */,
			);
			runOnlyForDeploymentPostprocessing = 0;
		};
		66CFD4D31FC4254600F88AA5 /* Sources */ = {
			isa = PBXSourcesBuildPhase;
			buildActionMask = 2147483647;
			files = (
				66CFD4DA1FC4254600F88AA5 /* AssesmentTableTests.swift in Sources */,
			);
			runOnlyForDeploymentPostprocessing = 0;
		};
/* End PBXSourcesBuildPhase section */

/* Begin PBXTargetDependency section */
		66CFD4DD1FC4254600F88AA5 /* PBXTargetDependency */ = {
			isa = PBXTargetDependency;
			target = 669698E81FB1964B0054AFC2 /* AssesmentTable */;
			targetProxy = 66CFD4DC1FC4254600F88AA5 /* PBXContainerItemProxy */;
		};
/* End PBXTargetDependency section */

/* Begin PBXVariantGroup section */
		669698F01FB1964C0054AFC2 /* Main.storyboard */ = {
			isa = PBXVariantGroup;
			children = (
				669698F11FB1964C0054AFC2 /* Base */,
			);
			name = Main.storyboard;
			sourceTree = "<group>";
		};
		669698F81FB1964C0054AFC2 /* LaunchScreen.storyboard */ = {
			isa = PBXVariantGroup;
			children = (
				669698F91FB1964C0054AFC2 /* Base */,
			);
			name = LaunchScreen.storyboard;
			sourceTree = "<group>";
		};
/* End PBXVariantGroup section */

/* Begin XCBuildConfiguration section */
		669698FC1FB1964C0054AFC2 /* Debug */ = {
			isa = XCBuildConfiguration;
			buildSettings = {
				ALWAYS_SEARCH_USER_PATHS = NO;
				CLANG_ANALYZER_NONNULL = YES;
				CLANG_ANALYZER_NUMBER_OBJECT_CONVERSION = YES_AGGRESSIVE;
				CLANG_CXX_LANGUAGE_STANDARD = "gnu++14";
				CLANG_CXX_LIBRARY = "libc++";
				CLANG_ENABLE_MODULES = YES;
				CLANG_ENABLE_OBJC_ARC = YES;
				CLANG_WARN_BLOCK_CAPTURE_AUTORELEASING = YES;
				CLANG_WARN_BOOL_CONVERSION = YES;
				CLANG_WARN_COMMA = YES;
				CLANG_WARN_CONSTANT_CONVERSION = YES;
				CLANG_WARN_DIRECT_OBJC_ISA_USAGE = YES_ERROR;
				CLANG_WARN_DOCUMENTATION_COMMENTS = YES;
				CLANG_WARN_EMPTY_BODY = YES;
				CLANG_WARN_ENUM_CONVERSION = YES;
				CLANG_WARN_INFINITE_RECURSION = YES;
				CLANG_WARN_INT_CONVERSION = YES;
				CLANG_WARN_NON_LITERAL_NULL_CONVERSION = YES;
				CLANG_WARN_OBJC_LITERAL_CONVERSION = YES;
				CLANG_WARN_OBJC_ROOT_CLASS = YES_ERROR;
				CLANG_WARN_RANGE_LOOP_ANALYSIS = YES;
				CLANG_WARN_STRICT_PROTOTYPES = YES;
				CLANG_WARN_SUSPICIOUS_MOVE = YES;
				CLANG_WARN_UNGUARDED_AVAILABILITY = YES_AGGRESSIVE;
				CLANG_WARN_UNREACHABLE_CODE = YES;
				CLANG_WARN__DUPLICATE_METHOD_MATCH = YES;
				CODE_SIGN_IDENTITY = "iPhone Developer";
				COPY_PHASE_STRIP = NO;
				DEBUG_INFORMATION_FORMAT = dwarf;
				ENABLE_STRICT_OBJC_MSGSEND = YES;
				ENABLE_TESTABILITY = YES;
				GCC_C_LANGUAGE_STANDARD = gnu11;
				GCC_DYNAMIC_NO_PIC = NO;
				GCC_NO_COMMON_BLOCKS = YES;
				GCC_OPTIMIZATION_LEVEL = 0;
				GCC_PREPROCESSOR_DEFINITIONS = (
					"DEBUG=1",
					"$(inherited)",
				);
				GCC_WARN_64_TO_32_BIT_CONVERSION = YES;
				GCC_WARN_ABOUT_RETURN_TYPE = YES_ERROR;
				GCC_WARN_UNDECLARED_SELECTOR = YES;
				GCC_WARN_UNINITIALIZED_AUTOS = YES_AGGRESSIVE;
				GCC_WARN_UNUSED_FUNCTION = YES;
				GCC_WARN_UNUSED_VARIABLE = YES;
				IPHONEOS_DEPLOYMENT_TARGET = 11.0;
				MTL_ENABLE_DEBUG_INFO = YES;
				ONLY_ACTIVE_ARCH = YES;
				SDKROOT = iphoneos;
				SWIFT_ACTIVE_COMPILATION_CONDITIONS = DEBUG;
				SWIFT_OPTIMIZATION_LEVEL = "-Onone";
			};
			name = Debug;
		};
		669698FD1FB1964C0054AFC2 /* Release */ = {
			isa = XCBuildConfiguration;
			buildSettings = {
				ALWAYS_SEARCH_USER_PATHS = NO;
				CLANG_ANALYZER_NONNULL = YES;
				CLANG_ANALYZER_NUMBER_OBJECT_CONVERSION = YES_AGGRESSIVE;
				CLANG_CXX_LANGUAGE_STANDARD = "gnu++14";
				CLANG_CXX_LIBRARY = "libc++";
				CLANG_ENABLE_MODULES = YES;
				CLANG_ENABLE_OBJC_ARC = YES;
				CLANG_WARN_BLOCK_CAPTURE_AUTORELEASING = YES;
				CLANG_WARN_BOOL_CONVERSION = YES;
				CLANG_WARN_COMMA = YES;
				CLANG_WARN_CONSTANT_CONVERSION = YES;
				CLANG_WARN_DIRECT_OBJC_ISA_USAGE = YES_ERROR;
				CLANG_WARN_DOCUMENTATION_COMMENTS = YES;
				CLANG_WARN_EMPTY_BODY = YES;
				CLANG_WARN_ENUM_CONVERSION = YES;
				CLANG_WARN_INFINITE_RECURSION = YES;
				CLANG_WARN_INT_CONVERSION = YES;
				CLANG_WARN_NON_LITERAL_NULL_CONVERSION = YES;
				CLANG_WARN_OBJC_LITERAL_CONVERSION = YES;
				CLANG_WARN_OBJC_ROOT_CLASS = YES_ERROR;
				CLANG_WARN_RANGE_LOOP_ANALYSIS = YES;
				CLANG_WARN_STRICT_PROTOTYPES = YES;
				CLANG_WARN_SUSPICIOUS_MOVE = YES;
				CLANG_WARN_UNGUARDED_AVAILABILITY = YES_AGGRESSIVE;
				CLANG_WARN_UNREACHABLE_CODE = YES;
				CLANG_WARN__DUPLICATE_METHOD_MATCH = YES;
				CODE_SIGN_IDENTITY = "iPhone Developer";
				COPY_PHASE_STRIP = NO;
				DEBUG_INFORMATION_FORMAT = "dwarf-with-dsym";
				ENABLE_NS_ASSERTIONS = NO;
				ENABLE_STRICT_OBJC_MSGSEND = YES;
				GCC_C_LANGUAGE_STANDARD = gnu11;
				GCC_NO_COMMON_BLOCKS = YES;
				GCC_WARN_64_TO_32_BIT_CONVERSION = YES;
				GCC_WARN_ABOUT_RETURN_TYPE = YES_ERROR;
				GCC_WARN_UNDECLARED_SELECTOR = YES;
				GCC_WARN_UNINITIALIZED_AUTOS = YES_AGGRESSIVE;
				GCC_WARN_UNUSED_FUNCTION = YES;
				GCC_WARN_UNUSED_VARIABLE = YES;
				IPHONEOS_DEPLOYMENT_TARGET = 11.0;
				MTL_ENABLE_DEBUG_INFO = NO;
				SDKROOT = iphoneos;
				SWIFT_OPTIMIZATION_LEVEL = "-Owholemodule";
				VALIDATE_PRODUCT = YES;
			};
			name = Release;
		};
		669698FF1FB1964C0054AFC2 /* Debug */ = {
			isa = XCBuildConfiguration;
			buildSettings = {
				ASSETCATALOG_COMPILER_APPICON_NAME = AppIcon;
				CODE_SIGN_STYLE = Automatic;
				INFOPLIST_FILE = AssesmentTable/Info.plist;
				LD_RUNPATH_SEARCH_PATHS = "$(inherited) @executable_path/Frameworks";
				PRODUCT_BUNDLE_IDENTIFIER = com.yml.AssesmentTable;
				PRODUCT_NAME = "$(TARGET_NAME)";
				SWIFT_VERSION = 4.0;
				TARGETED_DEVICE_FAMILY = "1,2";
			};
			name = Debug;
		};
		669699001FB1964C0054AFC2 /* Release */ = {
			isa = XCBuildConfiguration;
			buildSettings = {
				ASSETCATALOG_COMPILER_APPICON_NAME = AppIcon;
				CODE_SIGN_STYLE = Automatic;
				INFOPLIST_FILE = AssesmentTable/Info.plist;
				LD_RUNPATH_SEARCH_PATHS = "$(inherited) @executable_path/Frameworks";
				PRODUCT_BUNDLE_IDENTIFIER = com.yml.AssesmentTable;
				PRODUCT_NAME = "$(TARGET_NAME)";
				SWIFT_VERSION = 4.0;
				TARGETED_DEVICE_FAMILY = "1,2";
			};
			name = Release;
		};
		66CFD4DE1FC4254600F88AA5 /* Debug */ = {
			isa = XCBuildConfiguration;
			buildSettings = {
				BUNDLE_LOADER = "$(TEST_HOST)";
				CODE_SIGN_STYLE = Automatic;
				INFOPLIST_FILE = AssesmentTableTests/Info.plist;
				LD_RUNPATH_SEARCH_PATHS = "$(inherited) @executable_path/Frameworks @loader_path/Frameworks";
				PRODUCT_BUNDLE_IDENTIFIER = com.yml.AssesmentTableTests;
				PRODUCT_NAME = "$(TARGET_NAME)";
				SWIFT_VERSION = 4.0;
				TARGETED_DEVICE_FAMILY = "1,2";
				TEST_HOST = "$(BUILT_PRODUCTS_DIR)/AssesmentTable.app/AssesmentTable";
			};
			name = Debug;
		};
		66CFD4DF1FC4254600F88AA5 /* Release */ = {
			isa = XCBuildConfiguration;
			buildSettings = {
				BUNDLE_LOADER = "$(TEST_HOST)";
				CODE_SIGN_STYLE = Automatic;
				INFOPLIST_FILE = AssesmentTableTests/Info.plist;
				LD_RUNPATH_SEARCH_PATHS = "$(inherited) @executable_path/Frameworks @loader_path/Frameworks";
				PRODUCT_BUNDLE_IDENTIFIER = com.yml.AssesmentTableTests;
				PRODUCT_NAME = "$(TARGET_NAME)";
				SWIFT_VERSION = 4.0;
				TARGETED_DEVICE_FAMILY = "1,2";
				TEST_HOST = "$(BUILT_PRODUCTS_DIR)/AssesmentTable.app/AssesmentTable";
			};
			name = Release;
		};
/* End XCBuildConfiguration section */

/* Begin XCConfigurationList section */
		669698E41FB1964B0054AFC2 /* Build configuration list for PBXProject "AssesmentTable" */ = {
			isa = XCConfigurationList;
			buildConfigurations = (
				669698FC1FB1964C0054AFC2 /* Debug */,
				669698FD1FB1964C0054AFC2 /* Release */,
			);
			defaultConfigurationIsVisible = 0;
			defaultConfigurationName = Release;
		};
		669698FE1FB1964C0054AFC2 /* Build configuration list for PBXNativeTarget "AssesmentTable" */ = {
			isa = XCConfigurationList;
			buildConfigurations = (
				669698FF1FB1964C0054AFC2 /* Debug */,
				669699001FB1964C0054AFC2 /* Release */,
			);
			defaultConfigurationIsVisible = 0;
			defaultConfigurationName = Release;
		};
		66CFD4E01FC4254600F88AA5 /* Build configuration list for PBXNativeTarget "AssesmentTableTests" */ = {
			isa = XCConfigurationList;
			buildConfigurations = (
				66CFD4DE1FC4254600F88AA5 /* Debug */,
				66CFD4DF1FC4254600F88AA5 /* Release */,
			);
			defaultConfigurationIsVisible = 0;
			defaultConfigurationName = Release;
		};
/* End XCConfigurationList section */
	};
	rootObject = 669698E11FB1964B0054AFC2 /* Project object */;
}
